<?xml version="1.0" encoding="UTF-8" standalone="yes" ?>
<CodeBlocks_project_file>
	<FileVersion major="1" minor="6" />
	<Project>
		<Option title="ElCamino" />
		<Option pch_mode="2" />
		<Option compiler="gcc" />
		<Build>
			<Target title="Debug">
				<Option output="bin/Debug/ElCamino" prefix_auto="1" extension_auto="1" />
				<Option object_output="obj/Debug/" />
				<Option type="1" />
				<Option compiler="gcc" />
				<Compiler>
					<Add option="-g" />
					<Add directory="src/Core" />
					<Add directory="src/Timer" />
					<Add directory="src/Input" />
					<Add directory="src/Graphics" />
					<Add directory="src/Physics" />
					<Add directory="src/Fragment" />
					<Add directory="src/Object" />
					<Add directory="src/Entities" />
					<Add directory="src/Collision" />
					<Add directory="./" />
					<Add directory="src/Map" />
					<Add directory="src/States" />
					<Add directory="Animation" />
					<Add directory="src/Animation" />
					<Add directory="src/Widgets" />
					<Add directory="src/GUI" />
				</Compiler>
			</Target>
			<Target title="Release">
				<Option output="bin/Release/ElCamino" prefix_auto="1" extension_auto="1" />
				<Option object_output="obj/Release/" />
				<Option type="1" />
				<Option compiler="gcc" />
				<Compiler>
					<Add option="-O2" />
					<Add directory="src/Core" />
					<Add directory="src/Timer" />
					<Add directory="src/Input" />
					<Add directory="src/Graphics" />
					<Add directory="src/Physics" />
					<Add directory="src/Fragment" />
					<Add directory="src/Object" />
					<Add directory="src/Entities" />
					<Add directory="src/Collision" />
					<Add directory="./" />
					<Add directory="src/Map" />
					<Add directory="src/States" />
					<Add directory="Animation" />
					<Add directory="src/Animation" />
					<Add directory="src/Widgets" />
					<Add directory="src/GUI" />
				</Compiler>
				<Linker>
					<Add option="-s" />
				</Linker>
			</Target>
		</Build>
		<Compiler>
			<Add option="-Wall" />
			<Add directory="src/Vendor" />
		</Compiler>
		<Linker>
			<Add option="-lSDL2 -lSDL2_image -lSDL2_ttf -lSDL2_mixer" />
		</Linker>
		<Unit filename="src/Animation/Animation.h" />
		<Unit filename="src/Animation/SpriteAnimation.cpp" />
		<Unit filename="src/Animation/SpriteAnimation.h" />
		<Unit filename="src/Collision/CollisionHandler.cpp" />
		<Unit filename="src/Collision/CollisionHandler.h" />
		<Unit filename="src/Core/Engine.cpp" />
		<Unit filename="src/Core/Engine.h" />
		<Unit filename="src/Core/ManagerFragment.cpp" />
		<Unit filename="src/Core/ManagerFragment.h" />
		<Unit filename="src/Entities/Arrow.cpp" />
		<Unit filename="src/Entities/Arrow.h" />
		<Unit filename="src/Entities/Ball.cpp" />
		<Unit filename="src/Entities/Ball.h" />
		<Unit filename="src/Entities/Entity.h" />
		<Unit filename="src/Entities/SpeedBar.cpp" />
		<Unit filename="src/Entities/SpeedBar.h" />
		<Unit filename="src/Fragment/Fragment.h" />
		<Unit filename="src/Fragment/GameFragment.cpp" />
		<Unit filename="src/Fragment/GameFragment.h" />
		<Unit filename="src/Fragment/MenuFragment.cpp" />
		<Unit filename="src/Fragment/MenuFragment.h" />
		<Unit filename="src/GUI/PackManager.cpp" />
		<Unit filename="src/GUI/PackManager.h" />
		<Unit filename="src/Graphics/TextureManager.cpp" />
		<Unit filename="src/Graphics/TextureManager.h" />
		<Unit filename="src/Input/Input.cpp" />
		<Unit filename="src/Input/Input.h" />
		<Unit filename="src/Map/GameMap.h" />
		<Unit filename="src/Map/Layer.h" />
		<Unit filename="src/Map/MapParser.cpp" />
		<Unit filename="src/Map/MapParser.h" />
		<Unit filename="src/Map/TileLayer.cpp" />
		<Unit filename="src/Map/TileLayer.h" />
		<Unit filename="src/Object/GameObject.h" />
		<Unit filename="src/Object/IObject.h" />
		<Unit filename="src/Physics/BodyObject.h" />
		<Unit filename="src/Physics/Point2D.h" />
		<Unit filename="src/Physics/Transform2D.h" />
		<Unit filename="src/Physics/Vector2D.h" />
		<Unit filename="src/States/StateGame.cpp" />
		<Unit filename="src/States/StateGame.h" />
		<Unit filename="src/Timer/Timer.cpp" />
		<Unit filename="src/Timer/Timer.h" />
		<Unit filename="src/Vendor/tinystr.cpp" />
		<Unit filename="src/Vendor/tinystr.h" />
		<Unit filename="src/Vendor/tinyxml.cpp" />
		<Unit filename="src/Vendor/tinyxml.h" />
		<Unit filename="src/Vendor/tinyxmlerror.cpp" />
		<Unit filename="src/Vendor/tinyxmlparser.cpp" />
		<Unit filename="src/Widgets/Button.cpp" />
		<Unit filename="src/Widgets/Button.h" />
		<Unit filename="src/Widgets/Widget.h" />
		<Unit filename="src/main.cpp" />
		<Extensions />
	</Project>
</CodeBlocks_project_file>
